
Microsoft Visual Studio Solution File, Format Version 12.00
# Visual Studio Version 16
VisualStudioVersion = 16.0.30804.86
MinimumVisualStudioVersion = 10.0.40219.1
Project("{8BC9CEB8-8B4A-11D0-8D11-00A0C91BC942}") = "_Task_4", "_Task_4\_Task_4.vcxproj", "{08CB6913-81F7-4402-AE86-F26EDA3BBBF5}"
EndProject
Global
	GlobalSection(SolutionConfigurationPlatforms) = preSolution
		Debug|x64 = Debug|x64
		Debug|x86 = Debug|x86
		Release|x64 = Release|x64
		Release|x86 = Release|x86
	EndGlobalSection
	GlobalSection(ProjectConfigurationPlatforms) = postSolution
		{08CB6913-81F7-4402-AE86-F26EDA3BBBF5}.Debug|x64.ActiveCfg = Debug|x64
		{08CB6913-81F7-4402-AE86-F26EDA3BBBF5}.Debug|x64.Build.0 = Debug|x64
		{08CB6913-81F7-4402-AE86-F26EDA3BBBF5}.Debug|x86.ActiveCfg = Debug|Win32
		{08CB6913-81F7-4402-AE86-F26EDA3BBBF5}.Debug|x86.Build.0 = Debug|Win32
		{08CB6913-81F7-4402-AE86-F26EDA3BBBF5}.Release|x64.ActiveCfg = Release|x64
		{08CB6913-81F7-4402-AE86-F26EDA3BBBF5}.Release|x64.Build.0 = Release|x64
		{08CB6913-81F7-4402-AE86-F26EDA3BBBF5}.Release|x86.ActiveCfg = Release|Win32
		{08CB6913-81F7-4402-AE86-F26EDA3BBBF5}.Release|x86.Build.0 = Release|Win32
	EndGlobalSection
	GlobalSection(SolutionProperties) = preSolution
		HideSolutionNode = FALSE
	EndGlobalSection
	GlobalSection(ExtensibilityGlobals) = postSolution
		SolutionGuid = {3B4DB0FB-019A-4610-8A05-626B3D9B80AA}
	EndGlobalSection
EndGlobal
